// !$*UTF8*$!
{
	archiveVersion = 1;
	classes = {
	};
	objectVersion = 51;
	objects = {

/* Begin PBXBuildFile section */
		0D0308DA266922AE00E56724 /* ProductModel.swift in Sources */ = {isa = PBXBuildFile; fileRef = 0D0308D9266922AE00E56724 /* ProductModel.swift */; };
		0D0308DC2669373F00E56724 /* ProductDetailsViewModel.swift in Sources */ = {isa = PBXBuildFile; fileRef = 0D0308DB2669373F00E56724 /* ProductDetailsViewModel.swift */; };
		0D090F212666151600E74B52 /* productDetails.storyboard in Resources */ = {isa = PBXBuildFile; fileRef = C27423DE265AEAB5002D304B /* productDetails.storyboard */; };
		0D77D2F026677C7000FFA908 /* ColorViewCollectionViewCell.swift in Sources */ = {isa = PBXBuildFile; fileRef = 0D77D2EE26677C7000FFA908 /* ColorViewCollectionViewCell.swift */; };
		0D77D2F126677C7000FFA908 /* ColorViewCollectionViewCell.xib in Resources */ = {isa = PBXBuildFile; fileRef = 0D77D2EF26677C7000FFA908 /* ColorViewCollectionViewCell.xib */; };
		0D864DA6266565F5008474FE /* ProductDetailsTableViewController.swift in Sources */ = {isa = PBXBuildFile; fileRef = 0D864DA5266565F5008474FE /* ProductDetailsTableViewController.swift */; };
		0D8DDD5F266BE4C8006D0FBA /* LocalManager.swift in Sources */ = {isa = PBXBuildFile; fileRef = 0D8DDD5E266BE4C8006D0FBA /* LocalManager.swift */; };
		0DD42481266BBF7200DD13DB /* ProductDetailsContracts.swift in Sources */ = {isa = PBXBuildFile; fileRef = 0DD42480266BBF7200DD13DB /* ProductDetailsContracts.swift */; };
		0DD42487266BC28100DD13DB /* SizeCollectionViewCell.swift in Sources */ = {isa = PBXBuildFile; fileRef = 0DD42485266BC28100DD13DB /* SizeCollectionViewCell.swift */; };
		0DD42488266BC28100DD13DB /* SizeCollectionViewCell.xib in Resources */ = {isa = PBXBuildFile; fileRef = 0DD42486266BC28100DD13DB /* SizeCollectionViewCell.xib */; };
		0DD4248C266BCB9200DD13DB /* ImageCollectionViewCell.swift in Sources */ = {isa = PBXBuildFile; fileRef = 0DD4248A266BCB9200DD13DB /* ImageCollectionViewCell.swift */; };
		0DD4248D266BCB9200DD13DB /* ImageCollectionViewCell.xib in Resources */ = {isa = PBXBuildFile; fileRef = 0DD4248B266BCB9200DD13DB /* ImageCollectionViewCell.xib */; };
		2233A5199A5D5E90DBA5D3F0 /* Pods_Shopify_e_commerceTests.framework in Frameworks */ = {isa = PBXBuildFile; fileRef = 241DCD4517229F4D795A6565 /* Pods_Shopify_e_commerceTests.framework */; };
		34B6F34AD82B2CBC720E8731 /* Pods_Shopify_e_commerce.framework in Frameworks */ = {isa = PBXBuildFile; fileRef = B2D64D5343D0B47711A1179C /* Pods_Shopify_e_commerce.framework */; };
		C27423DB265AEA67002D304B /* shop.storyboard in Resources */ = {isa = PBXBuildFile; fileRef = C27423DA265AEA67002D304B /* shop.storyboard */; };
		C27423DD265AEA96002D304B /* category.storyboard in Resources */ = {isa = PBXBuildFile; fileRef = C27423DC265AEA96002D304B /* category.storyboard */; };
		C27423E1265AED36002D304B /* meScreen.storyboard in Resources */ = {isa = PBXBuildFile; fileRef = C27423E0265AED36002D304B /* meScreen.storyboard */; };
		C27423E7265AF11A002D304B /* ApplicationNetworking.swift in Sources */ = {isa = PBXBuildFile; fileRef = C27423E6265AF11A002D304B /* ApplicationNetworking.swift */; };
		C27423E9265AF4FE002D304B /* ShopifyAPI.swift in Sources */ = {isa = PBXBuildFile; fileRef = C27423E8265AF4FE002D304B /* ShopifyAPI.swift */; };
		C2A61CEA265633200047C648 /* AppDelegate.swift in Sources */ = {isa = PBXBuildFile; fileRef = C2A61CE9265633200047C648 /* AppDelegate.swift */; };
		C2A61CEC265633200047C648 /* SceneDelegate.swift in Sources */ = {isa = PBXBuildFile; fileRef = C2A61CEB265633200047C648 /* SceneDelegate.swift */; };
		C2A61CEE265633200047C648 /* ViewController.swift in Sources */ = {isa = PBXBuildFile; fileRef = C2A61CED265633200047C648 /* ViewController.swift */; };
		C2A61CF1265633200047C648 /* Main.storyboard in Resources */ = {isa = PBXBuildFile; fileRef = C2A61CEF265633200047C648 /* Main.storyboard */; };
		C2A61CF4265633200047C648 /* Shopify_e_commerce.xcdatamodeld in Sources */ = {isa = PBXBuildFile; fileRef = C2A61CF2265633200047C648 /* Shopify_e_commerce.xcdatamodeld */; };
		C2A61CF6265633220047C648 /* Assets.xcassets in Resources */ = {isa = PBXBuildFile; fileRef = C2A61CF5265633220047C648 /* Assets.xcassets */; };
		C2A61CF9265633220047C648 /* LaunchScreen.storyboard in Resources */ = {isa = PBXBuildFile; fileRef = C2A61CF7265633220047C648 /* LaunchScreen.storyboard */; };
		C2A61D04265633230047C648 /* Shopify_e_commerceTests.swift in Sources */ = {isa = PBXBuildFile; fileRef = C2A61D03265633230047C648 /* Shopify_e_commerceTests.swift */; };
		C2A61D0F265633230047C648 /* Shopify_e_commerceUITests.swift in Sources */ = {isa = PBXBuildFile; fileRef = C2A61D0E265633230047C648 /* Shopify_e_commerceUITests.swift */; };
		C2A61D20265637530047C648 /* TargetType.swift in Sources */ = {isa = PBXBuildFile; fileRef = C2A61D1E265637530047C648 /* TargetType.swift */; };
		C2A61D21265637530047C648 /* BaseAPI.swift in Sources */ = {isa = PBXBuildFile; fileRef = C2A61D1F265637530047C648 /* BaseAPI.swift */; };
		C2A61D252656378A0047C648 /* Utils.swift in Sources */ = {isa = PBXBuildFile; fileRef = C2A61D232656378A0047C648 /* Utils.swift */; };
		C2A61D262656378A0047C648 /* Constants.swift in Sources */ = {isa = PBXBuildFile; fileRef = C2A61D242656378A0047C648 /* Constants.swift */; };
		F4CDB09DC9B1BA2E976C1CB0 /* Pods_Shopify_e_commerce_Shopify_e_commerceUITests.framework in Frameworks */ = {isa = PBXBuildFile; fileRef = 6DFB7EEB377C4904666E17FA /* Pods_Shopify_e_commerce_Shopify_e_commerceUITests.framework */; };
/* End PBXBuildFile section */

/* Begin PBXContainerItemProxy section */
		C2A61D00265633230047C648 /* PBXContainerItemProxy */ = {
			isa = PBXContainerItemProxy;
			containerPortal = C2A61CDE265633200047C648 /* Project object */;
			proxyType = 1;
			remoteGlobalIDString = C2A61CE5265633200047C648;
			remoteInfo = "Shopify e-commerce";
		};
		C2A61D0B265633230047C648 /* PBXContainerItemProxy */ = {
			isa = PBXContainerItemProxy;
			containerPortal = C2A61CDE265633200047C648 /* Project object */;
			proxyType = 1;
			remoteGlobalIDString = C2A61CE5265633200047C648;
			remoteInfo = "Shopify e-commerce";
		};
/* End PBXContainerItemProxy section */

/* Begin PBXFileReference section */
		0D0308D9266922AE00E56724 /* ProductModel.swift */ = {isa = PBXFileReference; lastKnownFileType = sourcecode.swift; path = ProductModel.swift; sourceTree = "<group>"; };
		0D0308DB2669373F00E56724 /* ProductDetailsViewModel.swift */ = {isa = PBXFileReference; lastKnownFileType = sourcecode.swift; path = ProductDetailsViewModel.swift; sourceTree = "<group>"; };
		0D77D2EE26677C7000FFA908 /* ColorViewCollectionViewCell.swift */ = {isa = PBXFileReference; lastKnownFileType = sourcecode.swift; path = ColorViewCollectionViewCell.swift; sourceTree = "<group>"; };
		0D77D2EF26677C7000FFA908 /* ColorViewCollectionViewCell.xib */ = {isa = PBXFileReference; lastKnownFileType = file.xib; path = ColorViewCollectionViewCell.xib; sourceTree = "<group>"; };
		0D864DA5266565F5008474FE /* ProductDetailsTableViewController.swift */ = {isa = PBXFileReference; lastKnownFileType = sourcecode.swift; path = ProductDetailsTableViewController.swift; sourceTree = "<group>"; };
		0D8DDD5E266BE4C8006D0FBA /* LocalManager.swift */ = {isa = PBXFileReference; lastKnownFileType = sourcecode.swift; name = LocalManager.swift; path = "Shopify e-commerce/views/product details/cells/LocalManager.swift"; sourceTree = SOURCE_ROOT; };
		0DD42480266BBF7200DD13DB /* ProductDetailsContracts.swift */ = {isa = PBXFileReference; lastKnownFileType = sourcecode.swift; path = ProductDetailsContracts.swift; sourceTree = "<group>"; };
		0DD42485266BC28100DD13DB /* SizeCollectionViewCell.swift */ = {isa = PBXFileReference; lastKnownFileType = sourcecode.swift; path = SizeCollectionViewCell.swift; sourceTree = "<group>"; };
		0DD42486266BC28100DD13DB /* SizeCollectionViewCell.xib */ = {isa = PBXFileReference; lastKnownFileType = file.xib; path = SizeCollectionViewCell.xib; sourceTree = "<group>"; };
		0DD4248A266BCB9200DD13DB /* ImageCollectionViewCell.swift */ = {isa = PBXFileReference; lastKnownFileType = sourcecode.swift; path = ImageCollectionViewCell.swift; sourceTree = "<group>"; };
		0DD4248B266BCB9200DD13DB /* ImageCollectionViewCell.xib */ = {isa = PBXFileReference; lastKnownFileType = file.xib; path = ImageCollectionViewCell.xib; sourceTree = "<group>"; };
		241DCD4517229F4D795A6565 /* Pods_Shopify_e_commerceTests.framework */ = {isa = PBXFileReference; explicitFileType = wrapper.framework; includeInIndex = 0; path = Pods_Shopify_e_commerceTests.framework; sourceTree = BUILT_PRODUCTS_DIR; };
		3457CB85F7732A62091C709A /* Pods-Shopify e-commerce.release.xcconfig */ = {isa = PBXFileReference; includeInIndex = 1; lastKnownFileType = text.xcconfig; name = "Pods-Shopify e-commerce.release.xcconfig"; path = "Target Support Files/Pods-Shopify e-commerce/Pods-Shopify e-commerce.release.xcconfig"; sourceTree = "<group>"; };
		5C1C9C721B44EBE92F25D14D /* Pods-Shopify e-commerce-Shopify e-commerceUITests.debug.xcconfig */ = {isa = PBXFileReference; includeInIndex = 1; lastKnownFileType = text.xcconfig; name = "Pods-Shopify e-commerce-Shopify e-commerceUITests.debug.xcconfig"; path = "Target Support Files/Pods-Shopify e-commerce-Shopify e-commerceUITests/Pods-Shopify e-commerce-Shopify e-commerceUITests.debug.xcconfig"; sourceTree = "<group>"; };
		623902944C6B8846FCC3A3AB /* Pods-Shopify e-commerce-Shopify e-commerceUITests.release.xcconfig */ = {isa = PBXFileReference; includeInIndex = 1; lastKnownFileType = text.xcconfig; name = "Pods-Shopify e-commerce-Shopify e-commerceUITests.release.xcconfig"; path = "Target Support Files/Pods-Shopify e-commerce-Shopify e-commerceUITests/Pods-Shopify e-commerce-Shopify e-commerceUITests.release.xcconfig"; sourceTree = "<group>"; };
		6DFB7EEB377C4904666E17FA /* Pods_Shopify_e_commerce_Shopify_e_commerceUITests.framework */ = {isa = PBXFileReference; explicitFileType = wrapper.framework; includeInIndex = 0; path = Pods_Shopify_e_commerce_Shopify_e_commerceUITests.framework; sourceTree = BUILT_PRODUCTS_DIR; };
		75F3E3DF8890876E25237F1B /* Pods-Shopify e-commerce.debug.xcconfig */ = {isa = PBXFileReference; includeInIndex = 1; lastKnownFileType = text.xcconfig; name = "Pods-Shopify e-commerce.debug.xcconfig"; path = "Target Support Files/Pods-Shopify e-commerce/Pods-Shopify e-commerce.debug.xcconfig"; sourceTree = "<group>"; };
		A8112662291EF598DB424409 /* Pods-Shopify e-commerceTests.release.xcconfig */ = {isa = PBXFileReference; includeInIndex = 1; lastKnownFileType = text.xcconfig; name = "Pods-Shopify e-commerceTests.release.xcconfig"; path = "Target Support Files/Pods-Shopify e-commerceTests/Pods-Shopify e-commerceTests.release.xcconfig"; sourceTree = "<group>"; };
		B2D64D5343D0B47711A1179C /* Pods_Shopify_e_commerce.framework */ = {isa = PBXFileReference; explicitFileType = wrapper.framework; includeInIndex = 0; path = Pods_Shopify_e_commerce.framework; sourceTree = BUILT_PRODUCTS_DIR; };
		C27423DA265AEA67002D304B /* shop.storyboard */ = {isa = PBXFileReference; lastKnownFileType = file.storyboard; path = shop.storyboard; sourceTree = "<group>"; };
		C27423DC265AEA96002D304B /* category.storyboard */ = {isa = PBXFileReference; lastKnownFileType = file.storyboard; path = category.storyboard; sourceTree = "<group>"; };
		C27423DE265AEAB5002D304B /* productDetails.storyboard */ = {isa = PBXFileReference; lastKnownFileType = file.storyboard; path = productDetails.storyboard; sourceTree = "<group>"; };
		C27423E0265AED36002D304B /* meScreen.storyboard */ = {isa = PBXFileReference; lastKnownFileType = file.storyboard; path = meScreen.storyboard; sourceTree = "<group>"; };
		C27423E6265AF11A002D304B /* ApplicationNetworking.swift */ = {isa = PBXFileReference; lastKnownFileType = sourcecode.swift; path = ApplicationNetworking.swift; sourceTree = "<group>"; };
		C27423E8265AF4FE002D304B /* ShopifyAPI.swift */ = {isa = PBXFileReference; lastKnownFileType = sourcecode.swift; path = ShopifyAPI.swift; sourceTree = "<group>"; };
		C2A61CE6265633200047C648 /* Shopify e-commerce.app */ = {isa = PBXFileReference; explicitFileType = wrapper.application; includeInIndex = 0; path = "Shopify e-commerce.app"; sourceTree = BUILT_PRODUCTS_DIR; };
		C2A61CE9265633200047C648 /* AppDelegate.swift */ = {isa = PBXFileReference; lastKnownFileType = sourcecode.swift; path = AppDelegate.swift; sourceTree = "<group>"; };
		C2A61CEB265633200047C648 /* SceneDelegate.swift */ = {isa = PBXFileReference; lastKnownFileType = sourcecode.swift; path = SceneDelegate.swift; sourceTree = "<group>"; };
		C2A61CED265633200047C648 /* ViewController.swift */ = {isa = PBXFileReference; lastKnownFileType = sourcecode.swift; path = ViewController.swift; sourceTree = "<group>"; };
		C2A61CF0265633200047C648 /* Base */ = {isa = PBXFileReference; lastKnownFileType = file.storyboard; name = Base; path = Base.lproj/Main.storyboard; sourceTree = "<group>"; };
		C2A61CF3265633200047C648 /* Shopify_e_commerce.xcdatamodel */ = {isa = PBXFileReference; lastKnownFileType = wrapper.xcdatamodel; path = Shopify_e_commerce.xcdatamodel; sourceTree = "<group>"; };
		C2A61CF5265633220047C648 /* Assets.xcassets */ = {isa = PBXFileReference; lastKnownFileType = folder.assetcatalog; path = Assets.xcassets; sourceTree = "<group>"; };
		C2A61CF8265633220047C648 /* Base */ = {isa = PBXFileReference; lastKnownFileType = file.storyboard; name = Base; path = Base.lproj/LaunchScreen.storyboard; sourceTree = "<group>"; };
		C2A61CFA265633220047C648 /* Info.plist */ = {isa = PBXFileReference; lastKnownFileType = text.plist.xml; path = Info.plist; sourceTree = "<group>"; };
		C2A61CFF265633230047C648 /* Shopify e-commerceTests.xctest */ = {isa = PBXFileReference; explicitFileType = wrapper.cfbundle; includeInIndex = 0; path = "Shopify e-commerceTests.xctest"; sourceTree = BUILT_PRODUCTS_DIR; };
		C2A61D03265633230047C648 /* Shopify_e_commerceTests.swift */ = {isa = PBXFileReference; lastKnownFileType = sourcecode.swift; path = Shopify_e_commerceTests.swift; sourceTree = "<group>"; };
		C2A61D05265633230047C648 /* Info.plist */ = {isa = PBXFileReference; lastKnownFileType = text.plist.xml; path = Info.plist; sourceTree = "<group>"; };
		C2A61D0A265633230047C648 /* Shopify e-commerceUITests.xctest */ = {isa = PBXFileReference; explicitFileType = wrapper.cfbundle; includeInIndex = 0; path = "Shopify e-commerceUITests.xctest"; sourceTree = BUILT_PRODUCTS_DIR; };
		C2A61D0E265633230047C648 /* Shopify_e_commerceUITests.swift */ = {isa = PBXFileReference; lastKnownFileType = sourcecode.swift; path = Shopify_e_commerceUITests.swift; sourceTree = "<group>"; };
		C2A61D10265633230047C648 /* Info.plist */ = {isa = PBXFileReference; lastKnownFileType = text.plist.xml; path = Info.plist; sourceTree = "<group>"; };
		C2A61D1E265637530047C648 /* TargetType.swift */ = {isa = PBXFileReference; fileEncoding = 4; lastKnownFileType = sourcecode.swift; path = TargetType.swift; sourceTree = "<group>"; };
		C2A61D1F265637530047C648 /* BaseAPI.swift */ = {isa = PBXFileReference; fileEncoding = 4; lastKnownFileType = sourcecode.swift; path = BaseAPI.swift; sourceTree = "<group>"; };
		C2A61D232656378A0047C648 /* Utils.swift */ = {isa = PBXFileReference; fileEncoding = 4; lastKnownFileType = sourcecode.swift; path = Utils.swift; sourceTree = "<group>"; };
		C2A61D242656378A0047C648 /* Constants.swift */ = {isa = PBXFileReference; fileEncoding = 4; lastKnownFileType = sourcecode.swift; path = Constants.swift; sourceTree = "<group>"; };
		DFDB3EF6BD4C89226F7669A9 /* Pods-Shopify e-commerceTests.debug.xcconfig */ = {isa = PBXFileReference; includeInIndex = 1; lastKnownFileType = text.xcconfig; name = "Pods-Shopify e-commerceTests.debug.xcconfig"; path = "Target Support Files/Pods-Shopify e-commerceTests/Pods-Shopify e-commerceTests.debug.xcconfig"; sourceTree = "<group>"; };
/* End PBXFileReference section */

/* Begin PBXFrameworksBuildPhase section */
		C2A61CE3265633200047C648 /* Frameworks */ = {
			isa = PBXFrameworksBuildPhase;
			buildActionMask = 2147483647;
			files = (
				34B6F34AD82B2CBC720E8731 /* Pods_Shopify_e_commerce.framework in Frameworks */,
			);
			runOnlyForDeploymentPostprocessing = 0;
		};
		C2A61CFC265633230047C648 /* Frameworks */ = {
			isa = PBXFrameworksBuildPhase;
			buildActionMask = 2147483647;
			files = (
				2233A5199A5D5E90DBA5D3F0 /* Pods_Shopify_e_commerceTests.framework in Frameworks */,
			);
			runOnlyForDeploymentPostprocessing = 0;
		};
		C2A61D07265633230047C648 /* Frameworks */ = {
			isa = PBXFrameworksBuildPhase;
			buildActionMask = 2147483647;
			files = (
				F4CDB09DC9B1BA2E976C1CB0 /* Pods_Shopify_e_commerce_Shopify_e_commerceUITests.framework in Frameworks */,
			);
			runOnlyForDeploymentPostprocessing = 0;
		};
/* End PBXFrameworksBuildPhase section */

/* Begin PBXGroup section */
		0D0308D82669226200E56724 /* model */ = {
			isa = PBXGroup;
			children = (
				0D0308D9266922AE00E56724 /* ProductModel.swift */,
			);
			path = model;
			sourceTree = "<group>";
		};
		0D77D2F62667DB0100FFA908 /* ColorCell */ = {
			isa = PBXGroup;
			children = (
				0D77D2EE26677C7000FFA908 /* ColorViewCollectionViewCell.swift */,
				0D77D2EF26677C7000FFA908 /* ColorViewCollectionViewCell.xib */,
			);
			path = ColorCell;
			sourceTree = "<group>";
		};
		0D77D2F72667DB2E00FFA908 /* ViewModel */ = {
			isa = PBXGroup;
			children = (
				0D0308DB2669373F00E56724 /* ProductDetailsViewModel.swift */,
			);
			path = ViewModel;
			sourceTree = "<group>";
		};
		0DD42482266BC13B00DD13DB /* Contracts */ = {
			isa = PBXGroup;
			children = (
				0DD42480266BBF7200DD13DB /* ProductDetailsContracts.swift */,
			);
			path = Contracts;
			sourceTree = "<group>";
		};
		0DD42483266BC14900DD13DB /* cells */ = {
			isa = PBXGroup;
			children = (
				0DD42489266BC52500DD13DB /* ImageCell */,
				0D77D2F62667DB0100FFA908 /* ColorCell */,
				0DD42484266BC25A00DD13DB /* SizeCell */,
			);
			path = cells;
			sourceTree = "<group>";
		};
		0DD42484266BC25A00DD13DB /* SizeCell */ = {
			isa = PBXGroup;
			children = (
				0DD42485266BC28100DD13DB /* SizeCollectionViewCell.swift */,
				0DD42486266BC28100DD13DB /* SizeCollectionViewCell.xib */,
			);
			path = SizeCell;
			sourceTree = "<group>";
		};
		0DD42489266BC52500DD13DB /* ImageCell */ = {
			isa = PBXGroup;
			children = (
				0DD4248A266BCB9200DD13DB /* ImageCollectionViewCell.swift */,
				0DD4248B266BCB9200DD13DB /* ImageCollectionViewCell.xib */,
			);
			path = ImageCell;
			sourceTree = "<group>";
		};
		A0282DE4DD4DECFA356EFE79 /* Pods */ = {
			isa = PBXGroup;
			children = (
				75F3E3DF8890876E25237F1B /* Pods-Shopify e-commerce.debug.xcconfig */,
				3457CB85F7732A62091C709A /* Pods-Shopify e-commerce.release.xcconfig */,
				5C1C9C721B44EBE92F25D14D /* Pods-Shopify e-commerce-Shopify e-commerceUITests.debug.xcconfig */,
				623902944C6B8846FCC3A3AB /* Pods-Shopify e-commerce-Shopify e-commerceUITests.release.xcconfig */,
				DFDB3EF6BD4C89226F7669A9 /* Pods-Shopify e-commerceTests.debug.xcconfig */,
				A8112662291EF598DB424409 /* Pods-Shopify e-commerceTests.release.xcconfig */,
			);
			path = Pods;
			sourceTree = "<group>";
		};
		AD86A06FBD94260E469AA2E2 /* Frameworks */ = {
			isa = PBXGroup;
			children = (
				B2D64D5343D0B47711A1179C /* Pods_Shopify_e_commerce.framework */,
				6DFB7EEB377C4904666E17FA /* Pods_Shopify_e_commerce_Shopify_e_commerceUITests.framework */,
				241DCD4517229F4D795A6565 /* Pods_Shopify_e_commerceTests.framework */,
			);
			name = Frameworks;
			sourceTree = "<group>";
		};
		C27423E2265AEE0A002D304B /* shop screen */ = {
			isa = PBXGroup;
			children = (
				C27423DA265AEA67002D304B /* shop.storyboard */,
			);
			path = "shop screen";
			sourceTree = "<group>";
		};
		C27423E3265AEE1D002D304B /* category screen */ = {
			isa = PBXGroup;
			children = (
				C27423DC265AEA96002D304B /* category.storyboard */,
			);
			path = "category screen";
			sourceTree = "<group>";
		};
		C27423E4265AEE2C002D304B /* product details */ = {
			isa = PBXGroup;
			children = (
				C27423DE265AEAB5002D304B /* productDetails.storyboard */,
				0D864DA5266565F5008474FE /* ProductDetailsTableViewController.swift */,
				0DD42482266BC13B00DD13DB /* Contracts */,
				0D0308D82669226200E56724 /* model */,
				0D77D2F72667DB2E00FFA908 /* ViewModel */,
				0DD42483266BC14900DD13DB /* cells */,
			);
			path = "product details";
			sourceTree = "<group>";
		};
		C27423E5265AEE3C002D304B /* me screen */ = {
			isa = PBXGroup;
			children = (
				C2A61CEF265633200047C648 /* Main.storyboard */,
			);
			path = "me screen";
			sourceTree = "<group>";
		};
		C2A61CDD265633200047C648 = {
			isa = PBXGroup;
			children = (
				C2A61CE8265633200047C648 /* Shopify e-commerce */,
				C2A61D02265633230047C648 /* Shopify e-commerceTests */,
				C2A61D0D265633230047C648 /* Shopify e-commerceUITests */,
				C2A61CE7265633200047C648 /* Products */,
				A0282DE4DD4DECFA356EFE79 /* Pods */,
				AD86A06FBD94260E469AA2E2 /* Frameworks */,
			);
			sourceTree = "<group>";
		};
		C2A61CE7265633200047C648 /* Products */ = {
			isa = PBXGroup;
			children = (
				C2A61CE6265633200047C648 /* Shopify e-commerce.app */,
				C2A61CFF265633230047C648 /* Shopify e-commerceTests.xctest */,
				C2A61D0A265633230047C648 /* Shopify e-commerceUITests.xctest */,
			);
			name = Products;
			sourceTree = "<group>";
		};
		C2A61CE8265633200047C648 /* Shopify e-commerce */ = {
			isa = PBXGroup;
			children = (
				C2A61D1C2656370E0047C648 /* Models */,
				C2A61D28265638C90047C648 /* views */,
				C2A61D27265638C20047C648 /* viewmodel */,
				C2A61D22265637780047C648 /* Utils */,
				C2A61CE9265633200047C648 /* AppDelegate.swift */,
				C2A61CEB265633200047C648 /* SceneDelegate.swift */,
				C2A61CED265633200047C648 /* ViewController.swift */,
				C2A61CF5265633220047C648 /* Assets.xcassets */,
				C2A61CF7265633220047C648 /* LaunchScreen.storyboard */,
				C2A61CFA265633220047C648 /* Info.plist */,
				C2A61CF2265633200047C648 /* Shopify_e_commerce.xcdatamodeld */,
			);
			path = "Shopify e-commerce";
			sourceTree = "<group>";
		};
		C2A61D02265633230047C648 /* Shopify e-commerceTests */ = {
			isa = PBXGroup;
			children = (
				C2A61D03265633230047C648 /* Shopify_e_commerceTests.swift */,
				C2A61D05265633230047C648 /* Info.plist */,
			);
			path = "Shopify e-commerceTests";
			sourceTree = "<group>";
		};
		C2A61D0D265633230047C648 /* Shopify e-commerceUITests */ = {
			isa = PBXGroup;
			children = (
				C2A61D0E265633230047C648 /* Shopify_e_commerceUITests.swift */,
				C2A61D10265633230047C648 /* Info.plist */,
			);
			path = "Shopify e-commerceUITests";
			sourceTree = "<group>";
		};
		C2A61D1C2656370E0047C648 /* Models */ = {
			isa = PBXGroup;
			children = (
				C2A61D2A265638DF0047C648 /* DTO */,
				C2A61D29265638D60047C648 /* local layer */,
				C2A61D1D2656371B0047C648 /* network layer */,
			);
			path = Models;
			sourceTree = "<group>";
		};
		C2A61D1D2656371B0047C648 /* network layer */ = {
			isa = PBXGroup;
			children = (
				C2A61D1F265637530047C648 /* BaseAPI.swift */,
				C2A61D1E265637530047C648 /* TargetType.swift */,
				C27423E6265AF11A002D304B /* ApplicationNetworking.swift */,
				C27423E8265AF4FE002D304B /* ShopifyAPI.swift */,
			);
			path = "network layer";
			sourceTree = "<group>";
		};
		C2A61D22265637780047C648 /* Utils */ = {
			isa = PBXGroup;
			children = (
				C2A61D242656378A0047C648 /* Constants.swift */,
				C2A61D232656378A0047C648 /* Utils.swift */,
			);
			path = Utils;
			sourceTree = "<group>";
		};
		C2A61D27265638C20047C648 /* viewmodel */ = {
			isa = PBXGroup;
			children = (
			);
			path = viewmodel;
			sourceTree = "<group>";
		};
		C2A61D28265638C90047C648 /* views */ = {
			isa = PBXGroup;
			children = (
				C27423E5265AEE3C002D304B /* me screen */,
				C27423E4265AEE2C002D304B /* product details */,
				C27423E3265AEE1D002D304B /* category screen */,
				C27423E2265AEE0A002D304B /* shop screen */,
				C27423E0265AED36002D304B /* meScreen.storyboard */,
			);
			path = views;
			sourceTree = "<group>";
		};
		C2A61D29265638D60047C648 /* local layer */ = {
			isa = PBXGroup;
			children = (
				0D8DDD5E266BE4C8006D0FBA /* LocalManager.swift */,
			);
			path = "local layer";
			sourceTree = "<group>";
		};
		C2A61D2A265638DF0047C648 /* DTO */ = {
			isa = PBXGroup;
			children = (
			);
			path = DTO;
			sourceTree = "<group>";
		};
/* End PBXGroup section */

/* Begin PBXNativeTarget section */
		C2A61CE5265633200047C648 /* Shopify e-commerce */ = {
			isa = PBXNativeTarget;
			buildConfigurationList = C2A61D13265633230047C648 /* Build configuration list for PBXNativeTarget "Shopify e-commerce" */;
			buildPhases = (
				562CFB4E68359E6FA2E0301B /* [CP] Check Pods Manifest.lock */,
				C2A61CE2265633200047C648 /* Sources */,
				C2A61CE3265633200047C648 /* Frameworks */,
				C2A61CE4265633200047C648 /* Resources */,
				794DB13AB92377B127C8A815 /* [CP] Embed Pods Frameworks */,
			);
			buildRules = (
			);
			dependencies = (
			);
			name = "Shopify e-commerce";
			productName = "Shopify e-commerce";
			productReference = C2A61CE6265633200047C648 /* Shopify e-commerce.app */;
			productType = "com.apple.product-type.application";
		};
		C2A61CFE265633230047C648 /* Shopify e-commerceTests */ = {
			isa = PBXNativeTarget;
			buildConfigurationList = C2A61D16265633230047C648 /* Build configuration list for PBXNativeTarget "Shopify e-commerceTests" */;
			buildPhases = (
				21311A9870FAB8FCFE7BAB85 /* [CP] Check Pods Manifest.lock */,
				C2A61CFB265633230047C648 /* Sources */,
				C2A61CFC265633230047C648 /* Frameworks */,
				C2A61CFD265633230047C648 /* Resources */,
			);
			buildRules = (
			);
			dependencies = (
				C2A61D01265633230047C648 /* PBXTargetDependency */,
			);
			name = "Shopify e-commerceTests";
			productName = "Shopify e-commerceTests";
			productReference = C2A61CFF265633230047C648 /* Shopify e-commerceTests.xctest */;
			productType = "com.apple.product-type.bundle.unit-test";
		};
		C2A61D09265633230047C648 /* Shopify e-commerceUITests */ = {
			isa = PBXNativeTarget;
			buildConfigurationList = C2A61D19265633230047C648 /* Build configuration list for PBXNativeTarget "Shopify e-commerceUITests" */;
			buildPhases = (
				2DE710B7859B52737E11C6B0 /* [CP] Check Pods Manifest.lock */,
				C2A61D06265633230047C648 /* Sources */,
				C2A61D07265633230047C648 /* Frameworks */,
				C2A61D08265633230047C648 /* Resources */,
				EBFD4DD1BE37E670309693F4 /* [CP] Embed Pods Frameworks */,
			);
			buildRules = (
			);
			dependencies = (
				C2A61D0C265633230047C648 /* PBXTargetDependency */,
			);
			name = "Shopify e-commerceUITests";
			productName = "Shopify e-commerceUITests";
			productReference = C2A61D0A265633230047C648 /* Shopify e-commerceUITests.xctest */;
			productType = "com.apple.product-type.bundle.ui-testing";
		};
/* End PBXNativeTarget section */

/* Begin PBXProject section */
		C2A61CDE265633200047C648 /* Project object */ = {
			isa = PBXProject;
			attributes = {
				LastSwiftUpdateCheck = 1140;
				LastUpgradeCheck = 1140;
				ORGANIZATIONNAME = ITI41;
				TargetAttributes = {
					C2A61CE5265633200047C648 = {
						CreatedOnToolsVersion = 11.4;
					};
					C2A61CFE265633230047C648 = {
						CreatedOnToolsVersion = 11.4;
						TestTargetID = C2A61CE5265633200047C648;
					};
					C2A61D09265633230047C648 = {
						CreatedOnToolsVersion = 11.4;
						TestTargetID = C2A61CE5265633200047C648;
					};
				};
			};
			buildConfigurationList = C2A61CE1265633200047C648 /* Build configuration list for PBXProject "Shopify e-commerce" */;
			compatibilityVersion = "Xcode 9.3";
			developmentRegion = en;
			hasScannedForEncodings = 0;
			knownRegions = (
				en,
				Base,
			);
			mainGroup = C2A61CDD265633200047C648;
			productRefGroup = C2A61CE7265633200047C648 /* Products */;
			projectDirPath = "";
			projectRoot = "";
			targets = (
				C2A61CE5265633200047C648 /* Shopify e-commerce */,
				C2A61CFE265633230047C648 /* Shopify e-commerceTests */,
				C2A61D09265633230047C648 /* Shopify e-commerceUITests */,
			);
		};
/* End PBXProject section */

/* Begin PBXResourcesBuildPhase section */
		C2A61CE4265633200047C648 /* Resources */ = {
			isa = PBXResourcesBuildPhase;
			buildActionMask = 2147483647;
			files = (
				C27423DD265AEA96002D304B /* category.storyboard in Resources */,
				C27423DB265AEA67002D304B /* shop.storyboard in Resources */,
				0D77D2F126677C7000FFA908 /* ColorViewCollectionViewCell.xib in Resources */,
				C27423E1265AED36002D304B /* meScreen.storyboard in Resources */,
				0DD4248D266BCB9200DD13DB /* ImageCollectionViewCell.xib in Resources */,
				0D090F212666151600E74B52 /* productDetails.storyboard in Resources */,
				0DD42488266BC28100DD13DB /* SizeCollectionViewCell.xib in Resources */,
				C2A61CF9265633220047C648 /* LaunchScreen.storyboard in Resources */,
				C2A61CF6265633220047C648 /* Assets.xcassets in Resources */,
				C2A61CF1265633200047C648 /* Main.storyboard in Resources */,
			);
			runOnlyForDeploymentPostprocessing = 0;
		};
		C2A61CFD265633230047C648 /* Resources */ = {
			isa = PBXResourcesBuildPhase;
			buildActionMask = 2147483647;
			files = (
			);
			runOnlyForDeploymentPostprocessing = 0;
		};
		C2A61D08265633230047C648 /* Resources */ = {
			isa = PBXResourcesBuildPhase;
			buildActionMask = 2147483647;
			files = (
			);
			runOnlyForDeploymentPostprocessing = 0;
		};
/* End PBXResourcesBuildPhase section */

/* Begin PBXShellScriptBuildPhase section */
		21311A9870FAB8FCFE7BAB85 /* [CP] Check Pods Manifest.lock */ = {
			isa = PBXShellScriptBuildPhase;
			buildActionMask = 2147483647;
			files = (
			);
			inputFileListPaths = (
			);
			inputPaths = (
				"${PODS_PODFILE_DIR_PATH}/Podfile.lock",
				"${PODS_ROOT}/Manifest.lock",
			);
			name = "[CP] Check Pods Manifest.lock";
			outputFileListPaths = (
			);
			outputPaths = (
				"$(DERIVED_FILE_DIR)/Pods-Shopify e-commerceTests-checkManifestLockResult.txt",
			);
			runOnlyForDeploymentPostprocessing = 0;
			shellPath = /bin/sh;
			shellScript = "diff \"${PODS_PODFILE_DIR_PATH}/Podfile.lock\" \"${PODS_ROOT}/Manifest.lock\" > /dev/null\nif [ $? != 0 ] ; then\n    # print error to STDERR\n    echo \"error: The sandbox is not in sync with the Podfile.lock. Run 'pod install' or update your CocoaPods installation.\" >&2\n    exit 1\nfi\n# This output is used by Xcode 'outputs' to avoid re-running this script phase.\necho \"SUCCESS\" > \"${SCRIPT_OUTPUT_FILE_0}\"\n";
			showEnvVarsInLog = 0;
		};
		2DE710B7859B52737E11C6B0 /* [CP] Check Pods Manifest.lock */ = {
			isa = PBXShellScriptBuildPhase;
			buildActionMask = 2147483647;
			files = (
			);
			inputFileListPaths = (
			);
			inputPaths = (
				"${PODS_PODFILE_DIR_PATH}/Podfile.lock",
				"${PODS_ROOT}/Manifest.lock",
			);
			name = "[CP] Check Pods Manifest.lock";
			outputFileListPaths = (
			);
			outputPaths = (
				"$(DERIVED_FILE_DIR)/Pods-Shopify e-commerce-Shopify e-commerceUITests-checkManifestLockResult.txt",
			);
			runOnlyForDeploymentPostprocessing = 0;
			shellPath = /bin/sh;
			shellScript = "diff \"${PODS_PODFILE_DIR_PATH}/Podfile.lock\" \"${PODS_ROOT}/Manifest.lock\" > /dev/null\nif [ $? != 0 ] ; then\n    # print error to STDERR\n    echo \"error: The sandbox is not in sync with the Podfile.lock. Run 'pod install' or update your CocoaPods installation.\" >&2\n    exit 1\nfi\n# This output is used by Xcode 'outputs' to avoid re-running this script phase.\necho \"SUCCESS\" > \"${SCRIPT_OUTPUT_FILE_0}\"\n";
			showEnvVarsInLog = 0;
		};
		562CFB4E68359E6FA2E0301B /* [CP] Check Pods Manifest.lock */ = {
			isa = PBXShellScriptBuildPhase;
			buildActionMask = 2147483647;
			files = (
			);
			inputFileListPaths = (
			);
			inputPaths = (
				"${PODS_PODFILE_DIR_PATH}/Podfile.lock",
				"${PODS_ROOT}/Manifest.lock",
			);
			name = "[CP] Check Pods Manifest.lock";
			outputFileListPaths = (
			);
			outputPaths = (
				"$(DERIVED_FILE_DIR)/Pods-Shopify e-commerce-checkManifestLockResult.txt",
			);
			runOnlyForDeploymentPostprocessing = 0;
			shellPath = /bin/sh;
			shellScript = "diff \"${PODS_PODFILE_DIR_PATH}/Podfile.lock\" \"${PODS_ROOT}/Manifest.lock\" > /dev/null\nif [ $? != 0 ] ; then\n    # print error to STDERR\n    echo \"error: The sandbox is not in sync with the Podfile.lock. Run 'pod install' or update your CocoaPods installation.\" >&2\n    exit 1\nfi\n# This output is used by Xcode 'outputs' to avoid re-running this script phase.\necho \"SUCCESS\" > \"${SCRIPT_OUTPUT_FILE_0}\"\n";
			showEnvVarsInLog = 0;
		};
		794DB13AB92377B127C8A815 /* [CP] Embed Pods Frameworks */ = {
			isa = PBXShellScriptBuildPhase;
			buildActionMask = 2147483647;
			files = (
			);
			inputFileListPaths = (
				"${PODS_ROOT}/Target Support Files/Pods-Shopify e-commerce/Pods-Shopify e-commerce-frameworks-${CONFIGURATION}-input-files.xcfilelist",
			);
			name = "[CP] Embed Pods Frameworks";
			outputFileListPaths = (
				"${PODS_ROOT}/Target Support Files/Pods-Shopify e-commerce/Pods-Shopify e-commerce-frameworks-${CONFIGURATION}-output-files.xcfilelist",
			);
			runOnlyForDeploymentPostprocessing = 0;
			shellPath = /bin/sh;
			shellScript = "\"${PODS_ROOT}/Target Support Files/Pods-Shopify e-commerce/Pods-Shopify e-commerce-frameworks.sh\"\n";
			showEnvVarsInLog = 0;
		};
		EBFD4DD1BE37E670309693F4 /* [CP] Embed Pods Frameworks */ = {
			isa = PBXShellScriptBuildPhase;
			buildActionMask = 2147483647;
			files = (
			);
			inputFileListPaths = (
				"${PODS_ROOT}/Target Support Files/Pods-Shopify e-commerce-Shopify e-commerceUITests/Pods-Shopify e-commerce-Shopify e-commerceUITests-frameworks-${CONFIGURATION}-input-files.xcfilelist",
			);
			name = "[CP] Embed Pods Frameworks";
			outputFileListPaths = (
				"${PODS_ROOT}/Target Support Files/Pods-Shopify e-commerce-Shopify e-commerceUITests/Pods-Shopify e-commerce-Shopify e-commerceUITests-frameworks-${CONFIGURATION}-output-files.xcfilelist",
			);
			runOnlyForDeploymentPostprocessing = 0;
			shellPath = /bin/sh;
			shellScript = "\"${PODS_ROOT}/Target Support Files/Pods-Shopify e-commerce-Shopify e-commerceUITests/Pods-Shopify e-commerce-Shopify e-commerceUITests-frameworks.sh\"\n";
			showEnvVarsInLog = 0;
		};
/* End PBXShellScriptBuildPhase section */

/* Begin PBXSourcesBuildPhase section */
		C2A61CE2265633200047C648 /* Sources */ = {
			isa = PBXSourcesBuildPhase;
			buildActionMask = 2147483647;
			files = (
				0DD4248C266BCB9200DD13DB /* ImageCollectionViewCell.swift in Sources */,
				C2A61D20265637530047C648 /* TargetType.swift in Sources */,
				C27423E7265AF11A002D304B /* ApplicationNetworking.swift in Sources */,
				0D0308DC2669373F00E56724 /* ProductDetailsViewModel.swift in Sources */,
				C2A61CEE265633200047C648 /* ViewController.swift in Sources */,
				0D8DDD5F266BE4C8006D0FBA /* LocalManager.swift in Sources */,
				C2A61CEA265633200047C648 /* AppDelegate.swift in Sources */,
				C2A61D252656378A0047C648 /* Utils.swift in Sources */,
				0D77D2F026677C7000FFA908 /* ColorViewCollectionViewCell.swift in Sources */,
				0DD42481266BBF7200DD13DB /* ProductDetailsContracts.swift in Sources */,
				C2A61D21265637530047C648 /* BaseAPI.swift in Sources */,
				0DD42487266BC28100DD13DB /* SizeCollectionViewCell.swift in Sources */,
				C2A61CEC265633200047C648 /* SceneDelegate.swift in Sources */,
				C27423E9265AF4FE002D304B /* ShopifyAPI.swift in Sources */,
				0D0308DA266922AE00E56724 /* ProductModel.swift in Sources */,
				C2A61CF4265633200047C648 /* Shopify_e_commerce.xcdatamodeld in Sources */,
				C2A61D262656378A0047C648 /* Constants.swift in Sources */,
				0D864DA6266565F5008474FE /* ProductDetailsTableViewController.swift in Sources */,
			);
			runOnlyForDeploymentPostprocessing = 0;
		};
		C2A61CFB265633230047C648 /* Sources */ = {
			isa = PBXSourcesBuildPhase;
			buildActionMask = 2147483647;
			files = (
				C2A61D04265633230047C648 /* Shopify_e_commerceTests.swift in Sources */,
			);
			runOnlyForDeploymentPostprocessing = 0;
		};
		C2A61D06265633230047C648 /* Sources */ = {
			isa = PBXSourcesBuildPhase;
			buildActionMask = 2147483647;
			files = (
				C2A61D0F265633230047C648 /* Shopify_e_commerceUITests.swift in Sources */,
			);
			runOnlyForDeploymentPostprocessing = 0;
		};
/* End PBXSourcesBuildPhase section */

/* Begin PBXTargetDependency section */
		C2A61D01265633230047C648 /* PBXTargetDependency */ = {
			isa = PBXTargetDependency;
			target = C2A61CE5265633200047C648 /* Shopify e-commerce */;
			targetProxy = C2A61D00265633230047C648 /* PBXContainerItemProxy */;
		};
		C2A61D0C265633230047C648 /* PBXTargetDependency */ = {
			isa = PBXTargetDependency;
			target = C2A61CE5265633200047C648 /* Shopify e-commerce */;
			targetProxy = C2A61D0B265633230047C648 /* PBXContainerItemProxy */;
		};
/* End PBXTargetDependency section */

/* Begin PBXVariantGroup section */
		C2A61CEF265633200047C648 /* Main.storyboard */ = {
			isa = PBXVariantGroup;
			children = (
				C2A61CF0265633200047C648 /* Base */,
			);
			name = Main.storyboard;
			sourceTree = "<group>";
		};
		C2A61CF7265633220047C648 /* LaunchScreen.storyboard */ = {
			isa = PBXVariantGroup;
			children = (
				C2A61CF8265633220047C648 /* Base */,
			);
			name = LaunchScreen.storyboard;
			sourceTree = "<group>";
		};
/* End PBXVariantGroup section */

/* Begin XCBuildConfiguration section */
		C2A61D11265633230047C648 /* Debug */ = {
			isa = XCBuildConfiguration;
			buildSettings = {
				ALWAYS_SEARCH_USER_PATHS = NO;
				CLANG_ANALYZER_NONNULL = YES;
				CLANG_ANALYZER_NUMBER_OBJECT_CONVERSION = YES_AGGRESSIVE;
				CLANG_CXX_LANGUAGE_STANDARD = "gnu++14";
				CLANG_CXX_LIBRARY = "libc++";
				CLANG_ENABLE_MODULES = YES;
				CLANG_ENABLE_OBJC_ARC = YES;
				CLANG_ENABLE_OBJC_WEAK = YES;
				CLANG_WARN_BLOCK_CAPTURE_AUTORELEASING = YES;
				CLANG_WARN_BOOL_CONVERSION = YES;
				CLANG_WARN_COMMA = YES;
				CLANG_WARN_CONSTANT_CONVERSION = YES;
				CLANG_WARN_DEPRECATED_OBJC_IMPLEMENTATIONS = YES;
				CLANG_WARN_DIRECT_OBJC_ISA_USAGE = YES_ERROR;
				CLANG_WARN_DOCUMENTATION_COMMENTS = YES;
				CLANG_WARN_EMPTY_BODY = YES;
				CLANG_WARN_ENUM_CONVERSION = YES;
				CLANG_WARN_INFINITE_RECURSION = YES;
				CLANG_WARN_INT_CONVERSION = YES;
				CLANG_WARN_NON_LITERAL_NULL_CONVERSION = YES;
				CLANG_WARN_OBJC_IMPLICIT_RETAIN_SELF = YES;
				CLANG_WARN_OBJC_LITERAL_CONVERSION = YES;
				CLANG_WARN_OBJC_ROOT_CLASS = YES_ERROR;
				CLANG_WARN_RANGE_LOOP_ANALYSIS = YES;
				CLANG_WARN_STRICT_PROTOTYPES = YES;
				CLANG_WARN_SUSPICIOUS_MOVE = YES;
				CLANG_WARN_UNGUARDED_AVAILABILITY = YES_AGGRESSIVE;
				CLANG_WARN_UNREACHABLE_CODE = YES;
				CLANG_WARN__DUPLICATE_METHOD_MATCH = YES;
				COPY_PHASE_STRIP = NO;
				DEBUG_INFORMATION_FORMAT = dwarf;
				ENABLE_STRICT_OBJC_MSGSEND = YES;
				ENABLE_TESTABILITY = YES;
				GCC_C_LANGUAGE_STANDARD = gnu11;
				GCC_DYNAMIC_NO_PIC = NO;
				GCC_NO_COMMON_BLOCKS = YES;
				GCC_OPTIMIZATION_LEVEL = 0;
				GCC_PREPROCESSOR_DEFINITIONS = (
					"DEBUG=1",
					"$(inherited)",
				);
				GCC_WARN_64_TO_32_BIT_CONVERSION = YES;
				GCC_WARN_ABOUT_RETURN_TYPE = YES_ERROR;
				GCC_WARN_UNDECLARED_SELECTOR = YES;
				GCC_WARN_UNINITIALIZED_AUTOS = YES_AGGRESSIVE;
				GCC_WARN_UNUSED_FUNCTION = YES;
				GCC_WARN_UNUSED_VARIABLE = YES;
				IPHONEOS_DEPLOYMENT_TARGET = 13.4;
				MTL_ENABLE_DEBUG_INFO = INCLUDE_SOURCE;
				MTL_FAST_MATH = YES;
				ONLY_ACTIVE_ARCH = YES;
				SDKROOT = iphoneos;
				SWIFT_ACTIVE_COMPILATION_CONDITIONS = DEBUG;
				SWIFT_OPTIMIZATION_LEVEL = "-Onone";
			};
			name = Debug;
		};
		C2A61D12265633230047C648 /* Release */ = {
			isa = XCBuildConfiguration;
			buildSettings = {
				ALWAYS_SEARCH_USER_PATHS = NO;
				CLANG_ANALYZER_NONNULL = YES;
				CLANG_ANALYZER_NUMBER_OBJECT_CONVERSION = YES_AGGRESSIVE;
				CLANG_CXX_LANGUAGE_STANDARD = "gnu++14";
				CLANG_CXX_LIBRARY = "libc++";
				CLANG_ENABLE_MODULES = YES;
				CLANG_ENABLE_OBJC_ARC = YES;
				CLANG_ENABLE_OBJC_WEAK = YES;
				CLANG_WARN_BLOCK_CAPTURE_AUTORELEASING = YES;
				CLANG_WARN_BOOL_CONVERSION = YES;
				CLANG_WARN_COMMA = YES;
				CLANG_WARN_CONSTANT_CONVERSION = YES;
				CLANG_WARN_DEPRECATED_OBJC_IMPLEMENTATIONS = YES;
				CLANG_WARN_DIRECT_OBJC_ISA_USAGE = YES_ERROR;
				CLANG_WARN_DOCUMENTATION_COMMENTS = YES;
				CLANG_WARN_EMPTY_BODY = YES;
				CLANG_WARN_ENUM_CONVERSION = YES;
				CLANG_WARN_INFINITE_RECURSION = YES;
				CLANG_WARN_INT_CONVERSION = YES;
				CLANG_WARN_NON_LITERAL_NULL_CONVERSION = YES;
				CLANG_WARN_OBJC_IMPLICIT_RETAIN_SELF = YES;
				CLANG_WARN_OBJC_LITERAL_CONVERSION = YES;
				CLANG_WARN_OBJC_ROOT_CLASS = YES_ERROR;
				CLANG_WARN_RANGE_LOOP_ANALYSIS = YES;
				CLANG_WARN_STRICT_PROTOTYPES = YES;
				CLANG_WARN_SUSPICIOUS_MOVE = YES;
				CLANG_WARN_UNGUARDED_AVAILABILITY = YES_AGGRESSIVE;
				CLANG_WARN_UNREACHABLE_CODE = YES;
				CLANG_WARN__DUPLICATE_METHOD_MATCH = YES;
				COPY_PHASE_STRIP = NO;
				DEBUG_INFORMATION_FORMAT = "dwarf-with-dsym";
				ENABLE_NS_ASSERTIONS = NO;
				ENABLE_STRICT_OBJC_MSGSEND = YES;
				GCC_C_LANGUAGE_STANDARD = gnu11;
				GCC_NO_COMMON_BLOCKS = YES;
				GCC_WARN_64_TO_32_BIT_CONVERSION = YES;
				GCC_WARN_ABOUT_RETURN_TYPE = YES_ERROR;
				GCC_WARN_UNDECLARED_SELECTOR = YES;
				GCC_WARN_UNINITIALIZED_AUTOS = YES_AGGRESSIVE;
				GCC_WARN_UNUSED_FUNCTION = YES;
				GCC_WARN_UNUSED_VARIABLE = YES;
				IPHONEOS_DEPLOYMENT_TARGET = 13.4;
				MTL_ENABLE_DEBUG_INFO = NO;
				MTL_FAST_MATH = YES;
				SDKROOT = iphoneos;
				SWIFT_COMPILATION_MODE = wholemodule;
				SWIFT_OPTIMIZATION_LEVEL = "-O";
				VALIDATE_PRODUCT = YES;
			};
			name = Release;
		};
		C2A61D14265633230047C648 /* Debug */ = {
			isa = XCBuildConfiguration;
			baseConfigurationReference = 75F3E3DF8890876E25237F1B /* Pods-Shopify e-commerce.debug.xcconfig */;
			buildSettings = {
				ASSETCATALOG_COMPILER_APPICON_NAME = AppIcon;
				CODE_SIGN_STYLE = Automatic;
				INFOPLIST_FILE = "Shopify e-commerce/Info.plist";
				LD_RUNPATH_SEARCH_PATHS = (
					"$(inherited)",
					"@executable_path/Frameworks",
				);
				PRODUCT_BUNDLE_IDENTIFIER = "iti41-grad.Shopify-e-commerce";
				PRODUCT_NAME = "$(TARGET_NAME)";
				SWIFT_VERSION = 5.0;
				TARGETED_DEVICE_FAMILY = "1,2";
			};
			name = Debug;
		};
		C2A61D15265633230047C648 /* Release */ = {
			isa = XCBuildConfiguration;
			baseConfigurationReference = 3457CB85F7732A62091C709A /* Pods-Shopify e-commerce.release.xcconfig */;
			buildSettings = {
				ASSETCATALOG_COMPILER_APPICON_NAME = AppIcon;
				CODE_SIGN_STYLE = Automatic;
				INFOPLIST_FILE = "Shopify e-commerce/Info.plist";
				LD_RUNPATH_SEARCH_PATHS = (
					"$(inherited)",
					"@executable_path/Frameworks",
				);
				PRODUCT_BUNDLE_IDENTIFIER = "iti41-grad.Shopify-e-commerce";
				PRODUCT_NAME = "$(TARGET_NAME)";
				SWIFT_VERSION = 5.0;
				TARGETED_DEVICE_FAMILY = "1,2";
			};
			name = Release;
		};
		C2A61D17265633230047C648 /* Debug */ = {
			isa = XCBuildConfiguration;
			baseConfigurationReference = DFDB3EF6BD4C89226F7669A9 /* Pods-Shopify e-commerceTests.debug.xcconfig */;
			buildSettings = {
				ALWAYS_EMBED_SWIFT_STANDARD_LIBRARIES = YES;
				BUNDLE_LOADER = "$(TEST_HOST)";
				CODE_SIGN_STYLE = Automatic;
				INFOPLIST_FILE = "Shopify e-commerceTests/Info.plist";
				IPHONEOS_DEPLOYMENT_TARGET = 13.4;
				LD_RUNPATH_SEARCH_PATHS = (
					"$(inherited)",
					"@executable_path/Frameworks",
					"@loader_path/Frameworks",
				);
				PRODUCT_BUNDLE_IDENTIFIER = "iti41-grad.Shopify-e-commerceTests";
				PRODUCT_NAME = "$(TARGET_NAME)";
				SWIFT_VERSION = 5.0;
				TARGETED_DEVICE_FAMILY = "1,2";
				TEST_HOST = "$(BUILT_PRODUCTS_DIR)/Shopify e-commerce.app/Shopify e-commerce";
			};
			name = Debug;
		};
		C2A61D18265633230047C648 /* Release */ = {
			isa = XCBuildConfiguration;
			baseConfigurationReference = A8112662291EF598DB424409 /* Pods-Shopify e-commerceTests.release.xcconfig */;
			buildSettings = {
				ALWAYS_EMBED_SWIFT_STANDARD_LIBRARIES = YES;
				BUNDLE_LOADER = "$(TEST_HOST)";
				CODE_SIGN_STYLE = Automatic;
				INFOPLIST_FILE = "Shopify e-commerceTests/Info.plist";
				IPHONEOS_DEPLOYMENT_TARGET = 13.4;
				LD_RUNPATH_SEARCH_PATHS = (
					"$(inherited)",
					"@executable_path/Frameworks",
					"@loader_path/Frameworks",
				);
				PRODUCT_BUNDLE_IDENTIFIER = "iti41-grad.Shopify-e-commerceTests";
				PRODUCT_NAME = "$(TARGET_NAME)";
				SWIFT_VERSION = 5.0;
				TARGETED_DEVICE_FAMILY = "1,2";
				TEST_HOST = "$(BUILT_PRODUCTS_DIR)/Shopify e-commerce.app/Shopify e-commerce";
			};
			name = Release;
		};
		C2A61D1A265633230047C648 /* Debug */ = {
			isa = XCBuildConfiguration;
			baseConfigurationReference = 5C1C9C721B44EBE92F25D14D /* Pods-Shopify e-commerce-Shopify e-commerceUITests.debug.xcconfig */;
			buildSettings = {
				ALWAYS_EMBED_SWIFT_STANDARD_LIBRARIES = YES;
				CODE_SIGN_STYLE = Automatic;
				INFOPLIST_FILE = "Shopify e-commerceUITests/Info.plist";
				LD_RUNPATH_SEARCH_PATHS = (
					"$(inherited)",
					"@executable_path/Frameworks",
					"@loader_path/Frameworks",
				);
				PRODUCT_BUNDLE_IDENTIFIER = "iti41-grad.Shopify-e-commerceUITests";
				PRODUCT_NAME = "$(TARGET_NAME)";
				SWIFT_VERSION = 5.0;
				TARGETED_DEVICE_FAMILY = "1,2";
				TEST_TARGET_NAME = "Shopify e-commerce";
			};
			name = Debug;
		};
		C2A61D1B265633230047C648 /* Release */ = {
			isa = XCBuildConfiguration;
			baseConfigurationReference = 623902944C6B8846FCC3A3AB /* Pods-Shopify e-commerce-Shopify e-commerceUITests.release.xcconfig */;
			buildSettings = {
				ALWAYS_EMBED_SWIFT_STANDARD_LIBRARIES = YES;
				CODE_SIGN_STYLE = Automatic;
				INFOPLIST_FILE = "Shopify e-commerceUITests/Info.plist";
				LD_RUNPATH_SEARCH_PATHS = (
					"$(inherited)",
					"@executable_path/Frameworks",
					"@loader_path/Frameworks",
				);
				PRODUCT_BUNDLE_IDENTIFIER = "iti41-grad.Shopify-e-commerceUITests";
				PRODUCT_NAME = "$(TARGET_NAME)";
				SWIFT_VERSION = 5.0;
				TARGETED_DEVICE_FAMILY = "1,2";
				TEST_TARGET_NAME = "Shopify e-commerce";
			};
			name = Release;
		};
/* End XCBuildConfiguration section */

/* Begin XCConfigurationList section */
		C2A61CE1265633200047C648 /* Build configuration list for PBXProject "Shopify e-commerce" */ = {
			isa = XCConfigurationList;
			buildConfigurations = (
				C2A61D11265633230047C648 /* Debug */,
				C2A61D12265633230047C648 /* Release */,
			);
			defaultConfigurationIsVisible = 0;
			defaultConfigurationName = Release;
		};
		C2A61D13265633230047C648 /* Build configuration list for PBXNativeTarget "Shopify e-commerce" */ = {
			isa = XCConfigurationList;
			buildConfigurations = (
				C2A61D14265633230047C648 /* Debug */,
				C2A61D15265633230047C648 /* Release */,
			);
			defaultConfigurationIsVisible = 0;
			defaultConfigurationName = Release;
		};
		C2A61D16265633230047C648 /* Build configuration list for PBXNativeTarget "Shopify e-commerceTests" */ = {
			isa = XCConfigurationList;
			buildConfigurations = (
				C2A61D17265633230047C648 /* Debug */,
				C2A61D18265633230047C648 /* Release */,
			);
			defaultConfigurationIsVisible = 0;
			defaultConfigurationName = Release;
		};
		C2A61D19265633230047C648 /* Build configuration list for PBXNativeTarget "Shopify e-commerceUITests" */ = {
			isa = XCConfigurationList;
			buildConfigurations = (
				C2A61D1A265633230047C648 /* Debug */,
				C2A61D1B265633230047C648 /* Release */,
			);
			defaultConfigurationIsVisible = 0;
			defaultConfigurationName = Release;
		};
/* End XCConfigurationList section */

/* Begin XCVersionGroup section */
		C2A61CF2265633200047C648 /* Shopify_e_commerce.xcdatamodeld */ = {
			isa = XCVersionGroup;
			children = (
				C2A61CF3265633200047C648 /* Shopify_e_commerce.xcdatamodel */,
			);
			currentVersion = C2A61CF3265633200047C648 /* Shopify_e_commerce.xcdatamodel */;
			path = Shopify_e_commerce.xcdatamodeld;
			sourceTree = "<group>";
			versionGroupType = wrapper.xcdatamodel;
		};
/* End XCVersionGroup section */
	};
	rootObject = C2A61CDE265633200047C648 /* Project object */;
}
